
Microsoft Visual Studio Solution File, Format Version 12.00
# Visual Studio Version 17
VisualStudioVersion = 17.11.35208.52
MinimumVisualStudioVersion = 10.0.40219.1
Project("{FAE04EC0-301F-11D3-BF4B-00C04F79EFBC}") = "MongoDb_Test", "MongoDb_Test\MongoDb_Test.csproj", "{3E517D52-8FA6-4229-BC9A-8E3C6858425E}"
EndProject
Global
	GlobalSection(SolutionConfigurationPlatforms) = preSolution
		Debug|Any CPU = Debug|Any CPU
		Release|Any CPU = Release|Any CPU
	EndGlobalSection
	GlobalSection(ProjectConfigurationPlatforms) = postSolution
		{3E517D52-8FA6-4229-BC9A-8E3C6858425E}.Debug|Any CPU.ActiveCfg = Debug|Any CPU
		{3E517D52-8FA6-4229-BC9A-8E3C6858425E}.Debug|Any CPU.Build.0 = Debug|Any CPU
		{3E517D52-8FA6-4229-BC9A-8E3C6858425E}.Release|Any CPU.ActiveCfg = Release|Any CPU
		{3E517D52-8FA6-4229-BC9A-8E3C6858425E}.Release|Any CPU.Build.0 = Release|Any CPU
	EndGlobalSection
	GlobalSection(SolutionProperties) = preSolution
		HideSolutionNode = FALSE
	EndGlobalSection
	GlobalSection(ExtensibilityGlobals) = postSolution
		SolutionGuid = {5B7440C7-A008-4980-A683-A34449A123FA}
	EndGlobalSection
EndGlobal
